
Microsoft Visual Studio Solution File, Format Version 12.00
# Visual Studio Version 17
VisualStudioVersion = 17.5.002.0
MinimumVisualStudioVersion = 10.0.40219.1
Project("{9A19103F-16F7-4668-BE54-9A1E7A4F7556}") = "CollapseOnFarmFix", "CollapseOnFarmFix\CollapseOnFarmFix.csproj", "{7B8577A5-ED43-40F8-9A56-372C458D36C2}"
EndProject
Project("{9A19103F-16F7-4668-BE54-9A1E7A4F7556}") = "PanWithHats", "PanWithHats\PanWithHats.csproj", "{6F22240C-28A6-4C88-A01C-47ED21D09860}"
EndProject
Project("{D954291E-2A0B-460D-934E-DC6B0785DB48}") = ".Common", "Common\.Common.shproj", "{D21F41BB-18E5-433A-B741-BC76B13D8336}"
EndProject
Project("{9A19103F-16F7-4668-BE54-9A1E7A4F7556}") = "VisitorsMod", "VisitorsMod\VisitorsMod.csproj", "{B8A164CD-A176-4953-A8AD-DB3E249A5C5D}"
EndProject
Project("{FAE04EC0-301F-11D3-BF4B-00C04F79EFBC}") = "BusSchedules", "BusSchedules\BusSchedules.csproj", "{75F61FD6-A8DE-4327-9CD2-2D939FE28B8A}"
EndProject
Project("{FAE04EC0-301F-11D3-BF4B-00C04F79EFBC}") = "ExtraNpcBehaviors", "ExtraNpcBehaviors\ExtraNpcBehaviors.csproj", "{A8EA9D0E-6405-4641-B1DE-8F009BFDC5EB}"
EndProject
Project("{FAE04EC0-301F-11D3-BF4B-00C04F79EFBC}") = "SheepCore", "SheepCore\SheepCore.csproj", "{21D9FCAE-77BE-4EAE-AD26-0DED3FDCE861}"
EndProject
Project("{FAE04EC0-301F-11D3-BF4B-00C04F79EFBC}") = "FoodJoints", "FoodJoints\FoodJoints.csproj", "{89175375-9D93-46F6-8F69-42BE4AECD4AA}"
EndProject
Project("{FAE04EC0-301F-11D3-BF4B-00C04F79EFBC}") = "Umbrellas", "Umbrellas\Umbrellas.csproj", "{C72CC586-3969-4072-B473-4EFCB588E2C5}"
EndProject
Project("{FAE04EC0-301F-11D3-BF4B-00C04F79EFBC}") = "CustomFarmerAnimations", "CustomFarmerAnimations\CustomFarmerAnimations.csproj", "{5E265844-2784-4B30-AD09-34ED102EF09A}"
EndProject
Project("{FAE04EC0-301F-11D3-BF4B-00C04F79EFBC}") = "FarmHelpers", "FarmHelpers\FarmHelpers.csproj", "{A95860D1-AA37-4E34-9127-F1BCCCCBEE35}"
EndProject
Global
	GlobalSection(SolutionConfigurationPlatforms) = preSolution
		Debug|Any CPU = Debug|Any CPU
		Release|Any CPU = Release|Any CPU
	EndGlobalSection
	GlobalSection(ProjectConfigurationPlatforms) = postSolution
		{7B8577A5-ED43-40F8-9A56-372C458D36C2}.Debug|Any CPU.ActiveCfg = Debug|Any CPU
		{7B8577A5-ED43-40F8-9A56-372C458D36C2}.Debug|Any CPU.Build.0 = Debug|Any CPU
		{7B8577A5-ED43-40F8-9A56-372C458D36C2}.Release|Any CPU.ActiveCfg = Release|Any CPU
		{7B8577A5-ED43-40F8-9A56-372C458D36C2}.Release|Any CPU.Build.0 = Release|Any CPU
		{6F22240C-28A6-4C88-A01C-47ED21D09860}.Debug|Any CPU.ActiveCfg = Debug|Any CPU
		{6F22240C-28A6-4C88-A01C-47ED21D09860}.Debug|Any CPU.Build.0 = Debug|Any CPU
		{6F22240C-28A6-4C88-A01C-47ED21D09860}.Release|Any CPU.ActiveCfg = Release|Any CPU
		{6F22240C-28A6-4C88-A01C-47ED21D09860}.Release|Any CPU.Build.0 = Release|Any CPU
		{B8A164CD-A176-4953-A8AD-DB3E249A5C5D}.Debug|Any CPU.ActiveCfg = Debug|Any CPU
		{B8A164CD-A176-4953-A8AD-DB3E249A5C5D}.Debug|Any CPU.Build.0 = Debug|Any CPU
		{B8A164CD-A176-4953-A8AD-DB3E249A5C5D}.Release|Any CPU.ActiveCfg = Release|Any CPU
		{B8A164CD-A176-4953-A8AD-DB3E249A5C5D}.Release|Any CPU.Build.0 = Release|Any CPU
		{75F61FD6-A8DE-4327-9CD2-2D939FE28B8A}.Debug|Any CPU.ActiveCfg = Debug|Any CPU
		{75F61FD6-A8DE-4327-9CD2-2D939FE28B8A}.Debug|Any CPU.Build.0 = Debug|Any CPU
		{75F61FD6-A8DE-4327-9CD2-2D939FE28B8A}.Release|Any CPU.ActiveCfg = Release|Any CPU
		{75F61FD6-A8DE-4327-9CD2-2D939FE28B8A}.Release|Any CPU.Build.0 = Release|Any CPU
		{A8EA9D0E-6405-4641-B1DE-8F009BFDC5EB}.Debug|Any CPU.ActiveCfg = Debug|Any CPU
		{A8EA9D0E-6405-4641-B1DE-8F009BFDC5EB}.Debug|Any CPU.Build.0 = Debug|Any CPU
		{A8EA9D0E-6405-4641-B1DE-8F009BFDC5EB}.Release|Any CPU.ActiveCfg = Release|Any CPU
		{A8EA9D0E-6405-4641-B1DE-8F009BFDC5EB}.Release|Any CPU.Build.0 = Release|Any CPU
		{21D9FCAE-77BE-4EAE-AD26-0DED3FDCE861}.Debug|Any CPU.ActiveCfg = Debug|Any CPU
		{21D9FCAE-77BE-4EAE-AD26-0DED3FDCE861}.Debug|Any CPU.Build.0 = Debug|Any CPU
		{21D9FCAE-77BE-4EAE-AD26-0DED3FDCE861}.Release|Any CPU.ActiveCfg = Release|Any CPU
		{21D9FCAE-77BE-4EAE-AD26-0DED3FDCE861}.Release|Any CPU.Build.0 = Release|Any CPU
		{89175375-9D93-46F6-8F69-42BE4AECD4AA}.Debug|Any CPU.ActiveCfg = Debug|Any CPU
		{89175375-9D93-46F6-8F69-42BE4AECD4AA}.Debug|Any CPU.Build.0 = Debug|Any CPU
		{89175375-9D93-46F6-8F69-42BE4AECD4AA}.Release|Any CPU.ActiveCfg = Release|Any CPU
		{89175375-9D93-46F6-8F69-42BE4AECD4AA}.Release|Any CPU.Build.0 = Release|Any CPU
		{C72CC586-3969-4072-B473-4EFCB588E2C5}.Debug|Any CPU.ActiveCfg = Debug|Any CPU
		{C72CC586-3969-4072-B473-4EFCB588E2C5}.Debug|Any CPU.Build.0 = Debug|Any CPU
		{C72CC586-3969-4072-B473-4EFCB588E2C5}.Release|Any CPU.ActiveCfg = Release|Any CPU
		{C72CC586-3969-4072-B473-4EFCB588E2C5}.Release|Any CPU.Build.0 = Release|Any CPU
		{5E265844-2784-4B30-AD09-34ED102EF09A}.Debug|Any CPU.ActiveCfg = Debug|Any CPU
		{5E265844-2784-4B30-AD09-34ED102EF09A}.Debug|Any CPU.Build.0 = Debug|Any CPU
		{5E265844-2784-4B30-AD09-34ED102EF09A}.Release|Any CPU.ActiveCfg = Release|Any CPU
		{5E265844-2784-4B30-AD09-34ED102EF09A}.Release|Any CPU.Build.0 = Release|Any CPU
		{A95860D1-AA37-4E34-9127-F1BCCCCBEE35}.Debug|Any CPU.ActiveCfg = Debug|Any CPU
		{A95860D1-AA37-4E34-9127-F1BCCCCBEE35}.Debug|Any CPU.Build.0 = Debug|Any CPU
		{A95860D1-AA37-4E34-9127-F1BCCCCBEE35}.Release|Any CPU.ActiveCfg = Release|Any CPU
		{A95860D1-AA37-4E34-9127-F1BCCCCBEE35}.Release|Any CPU.Build.0 = Release|Any CPU
	EndGlobalSection
	GlobalSection(SolutionProperties) = preSolution
		HideSolutionNode = FALSE
	EndGlobalSection
	GlobalSection(ExtensibilityGlobals) = postSolution
		SolutionGuid = {736CB6EB-5A10-4114-8E8F-12200A9D42B8}
	EndGlobalSection
	GlobalSection(SharedMSBuildProjectFiles) = preSolution
		Common\Common.projitems*{21d9fcae-77be-4eae-ad26-0ded3fdce861}*SharedItemsImports = 5
		Common\Common.projitems*{5e265844-2784-4b30-ad09-34ed102ef09a}*SharedItemsImports = 5
		Common\Common.projitems*{75f61fd6-a8de-4327-9cd2-2d939fe28b8a}*SharedItemsImports = 5
		Common\Common.projitems*{89175375-9d93-46f6-8f69-42be4aecd4aa}*SharedItemsImports = 5
		Common\Common.projitems*{a8ea9d0e-6405-4641-b1de-8f009bfdc5eb}*SharedItemsImports = 5
		Common\Common.projitems*{a95860d1-aa37-4e34-9127-f1bccccbee35}*SharedItemsImports = 5
		Common\Common.projitems*{b8a164cd-a176-4953-a8ad-db3e249a5c5d}*SharedItemsImports = 5
		Common\Common.projitems*{d21f41bb-18e5-433a-b741-bc76b13d8336}*SharedItemsImports = 13
	EndGlobalSection
EndGlobal
